// !$*UTF8*$!
{
	archiveVersion = 1;
	classes = {
	};
	objectVersion = 56;
	objects = {

/* Begin PBXBuildFile section */
		0C7FC04A2BDDA6C1003734BD /* CafeToolApp.swift in Sources */ = {isa = PBXBuildFile; fileRef = 0C7FC0492BDDA6C1003734BD /* CafeToolApp.swift */; };
		0C7FC04C2BDDA6C1003734BD /* ContentView.swift in Sources */ = {isa = PBXBuildFile; fileRef = 0C7FC04B2BDDA6C1003734BD /* ContentView.swift */; };
		0C7FC04E2BDDA6C4003734BD /* Assets.xcassets in Resources */ = {isa = PBXBuildFile; fileRef = 0C7FC04D2BDDA6C4003734BD /* Assets.xcassets */; };
		0C7FC0512BDDA6C4003734BD /* Preview Assets.xcassets in Resources */ = {isa = PBXBuildFile; fileRef = 0C7FC0502BDDA6C4003734BD /* Preview Assets.xcassets */; };
		0C7FC05B2BDDA6C4003734BD /* CafeToolTests.swift in Sources */ = {isa = PBXBuildFile; fileRef = 0C7FC05A2BDDA6C4003734BD /* CafeToolTests.swift */; };
		0C7FC0652BDDA6C4003734BD /* CafeToolUITests.swift in Sources */ = {isa = PBXBuildFile; fileRef = 0C7FC0642BDDA6C4003734BD /* CafeToolUITests.swift */; };
		0C7FC0672BDDA6C4003734BD /* CafeToolUITestsLaunchTests.swift in Sources */ = {isa = PBXBuildFile; fileRef = 0C7FC0662BDDA6C4003734BD /* CafeToolUITestsLaunchTests.swift */; };
/* End PBXBuildFile section */

/* Begin PBXContainerItemProxy section */
		0C7FC0572BDDA6C4003734BD /* PBXContainerItemProxy */ = {
			isa = PBXContainerItemProxy;
			containerPortal = 0C7FC03E2BDDA6C1003734BD /* Project object */;
			proxyType = 1;
			remoteGlobalIDString = 0C7FC0452BDDA6C1003734BD;
			remoteInfo = CafeTool;
		};
		0C7FC0612BDDA6C4003734BD /* PBXContainerItemProxy */ = {
			isa = PBXContainerItemProxy;
			containerPortal = 0C7FC03E2BDDA6C1003734BD /* Project object */;
			proxyType = 1;
			remoteGlobalIDString = 0C7FC0452BDDA6C1003734BD;
			remoteInfo = CafeTool;
		};
/* End PBXContainerItemProxy section */

/* Begin PBXFileReference section */
		0C7FC0462BDDA6C1003734BD /* CafeTool.app */ = {isa = PBXFileReference; explicitFileType = wrapper.application; includeInIndex = 0; path = CafeTool.app; sourceTree = BUILT_PRODUCTS_DIR; };
		0C7FC0492BDDA6C1003734BD /* CafeToolApp.swift */ = {isa = PBXFileReference; lastKnownFileType = sourcecode.swift; path = CafeToolApp.swift; sourceTree = "<group>"; };
		0C7FC04B2BDDA6C1003734BD /* ContentView.swift */ = {isa = PBXFileReference; lastKnownFileType = sourcecode.swift; path = ContentView.swift; sourceTree = "<group>"; };
		0C7FC04D2BDDA6C4003734BD /* Assets.xcassets */ = {isa = PBXFileReference; lastKnownFileType = folder.assetcatalog; path = Assets.xcassets; sourceTree = "<group>"; };
		0C7FC0502BDDA6C4003734BD /* Preview Assets.xcassets */ = {isa = PBXFileReference; lastKnownFileType = folder.assetcatalog; path = "Preview Assets.xcassets"; sourceTree = "<group>"; };
		0C7FC0562BDDA6C4003734BD /* CafeToolTests.xctest */ = {isa = PBXFileReference; explicitFileType = wrapper.cfbundle; includeInIndex = 0; path = CafeToolTests.xctest; sourceTree = BUILT_PRODUCTS_DIR; };
		0C7FC05A2BDDA6C4003734BD /* CafeToolTests.swift */ = {isa = PBXFileReference; lastKnownFileType = sourcecode.swift; path = CafeToolTests.swift; sourceTree = "<group>"; };
		0C7FC0602BDDA6C4003734BD /* CafeToolUITests.xctest */ = {isa = PBXFileReference; explicitFileType = wrapper.cfbundle; includeInIndex = 0; path = CafeToolUITests.xctest; sourceTree = BUILT_PRODUCTS_DIR; };
		0C7FC0642BDDA6C4003734BD /* CafeToolUITests.swift */ = {isa = PBXFileReference; lastKnownFileType = sourcecode.swift; path = CafeToolUITests.swift; sourceTree = "<group>"; };
		0C7FC0662BDDA6C4003734BD /* CafeToolUITestsLaunchTests.swift */ = {isa = PBXFileReference; lastKnownFileType = sourcecode.swift; path = CafeToolUITestsLaunchTests.swift; sourceTree = "<group>"; };
/* End PBXFileReference section */

/* Begin PBXFrameworksBuildPhase section */
		0C7FC0432BDDA6C1003734BD /* Frameworks */ = {
			isa = PBXFrameworksBuildPhase;
			buildActionMask = 2147483647;
			files = (
			);
			runOnlyForDeploymentPostprocessing = 0;
		};
		0C7FC0532BDDA6C4003734BD /* Frameworks */ = {
			isa = PBXFrameworksBuildPhase;
			buildActionMask = 2147483647;
			files = (
			);
			runOnlyForDeploymentPostprocessing = 0;
		};
		0C7FC05D2BDDA6C4003734BD /* Frameworks */ = {
			isa = PBXFrameworksBuildPhase;
			buildActionMask = 2147483647;
			files = (
			);
			runOnlyForDeploymentPostprocessing = 0;
		};
/* End PBXFrameworksBuildPhase section */

/* Begin PBXGroup section */
		0C7FC03D2BDDA6C1003734BD = {
			isa = PBXGroup;
			children = (
				0C7FC0482BDDA6C1003734BD /* CafeTool */,
				0C7FC0592BDDA6C4003734BD /* CafeToolTests */,
				0C7FC0632BDDA6C4003734BD /* CafeToolUITests */,
				0C7FC0472BDDA6C1003734BD /* Products */,
			);
			sourceTree = "<group>";
		};
		0C7FC0472BDDA6C1003734BD /* Products */ = {
			isa = PBXGroup;
			children = (
				0C7FC0462BDDA6C1003734BD /* CafeTool.app */,
				0C7FC0562BDDA6C4003734BD /* CafeToolTests.xctest */,
				0C7FC0602BDDA6C4003734BD /* CafeToolUITests.xctest */,
			);
			name = Products;
			sourceTree = "<group>";
		};
		0C7FC0482BDDA6C1003734BD /* CafeTool */ = {
			isa = PBXGroup;
			children = (
				0C7FC0492BDDA6C1003734BD /* CafeToolApp.swift */,
				0C7FC04B2BDDA6C1003734BD /* ContentView.swift */,
				0C7FC04D2BDDA6C4003734BD /* Assets.xcassets */,
				0C7FC04F2BDDA6C4003734BD /* Preview Content */,
			);
			path = CafeTool;
			sourceTree = "<group>";
		};
		0C7FC04F2BDDA6C4003734BD /* Preview Content */ = {
			isa = PBXGroup;
			children = (
				0C7FC0502BDDA6C4003734BD /* Preview Assets.xcassets */,
			);
			path = "Preview Content";
			sourceTree = "<group>";
		};
		0C7FC0592BDDA6C4003734BD /* CafeToolTests */ = {
			isa = PBXGroup;
			children = (
				0C7FC05A2BDDA6C4003734BD /* CafeToolTests.swift */,
			);
			path = CafeToolTests;
			sourceTree = "<group>";
		};
		0C7FC0632BDDA6C4003734BD /* CafeToolUITests */ = {
			isa = PBXGroup;
			children = (
				0C7FC0642BDDA6C4003734BD /* CafeToolUITests.swift */,
				0C7FC0662BDDA6C4003734BD /* CafeToolUITestsLaunchTests.swift */,
			);
			path = CafeToolUITests;
			sourceTree = "<group>";
		};
/* End PBXGroup section */

/* Begin PBXNativeTarget section */
		0C7FC0452BDDA6C1003734BD /* CafeTool */ = {
			isa = PBXNativeTarget;
			buildConfigurationList = 0C7FC06A2BDDA6C4003734BD /* Build configuration list for PBXNativeTarget "CafeTool" */;
			buildPhases = (
				0C7FC0422BDDA6C1003734BD /* Sources */,
				0C7FC0432BDDA6C1003734BD /* Frameworks */,
				0C7FC0442BDDA6C1003734BD /* Resources */,
			);
			buildRules = (
			);
			dependencies = (
			);
			name = CafeTool;
			productName = CafeTool;
			productReference = 0C7FC0462BDDA6C1003734BD /* CafeTool.app */;
			productType = "com.apple.product-type.application";
		};
		0C7FC0552BDDA6C4003734BD /* CafeToolTests */ = {
			isa = PBXNativeTarget;
			buildConfigurationList = 0C7FC06D2BDDA6C4003734BD /* Build configuration list for PBXNativeTarget "CafeToolTests" */;
			buildPhases = (
				0C7FC0522BDDA6C4003734BD /* Sources */,
				0C7FC0532BDDA6C4003734BD /* Frameworks */,
				0C7FC0542BDDA6C4003734BD /* Resources */,
			);
			buildRules = (
			);
			dependencies = (
				0C7FC0582BDDA6C4003734BD /* PBXTargetDependency */,
			);
			name = CafeToolTests;
			productName = CafeToolTests;
			productReference = 0C7FC0562BDDA6C4003734BD /* CafeToolTests.xctest */;
			productType = "com.apple.product-type.bundle.unit-test";
		};
		0C7FC05F2BDDA6C4003734BD /* CafeToolUITests */ = {
			isa = PBXNativeTarget;
			buildConfigurationList = 0C7FC0702BDDA6C4003734BD /* Build configuration list for PBXNativeTarget "CafeToolUITests" */;
			buildPhases = (
				0C7FC05C2BDDA6C4003734BD /* Sources */,
				0C7FC05D2BDDA6C4003734BD /* Frameworks */,
				0C7FC05E2BDDA6C4003734BD /* Resources */,
			);
			buildRules = (
			);
			dependencies = (
				0C7FC0622BDDA6C4003734BD /* PBXTargetDependency */,
			);
			name = CafeToolUITests;
			productName = CafeToolUITests;
			productReference = 0C7FC0602BDDA6C4003734BD /* CafeToolUITests.xctest */;
			productType = "com.apple.product-type.bundle.ui-testing";
		};
/* End PBXNativeTarget section */

/* Begin PBXProject section */
		0C7FC03E2BDDA6C1003734BD /* Project object */ = {
			isa = PBXProject;
			attributes = {
				BuildIndependentTargetsInParallel = 1;
				LastSwiftUpdateCheck = 1500;
				LastUpgradeCheck = 1500;
				TargetAttributes = {
					0C7FC0452BDDA6C1003734BD = {
						CreatedOnToolsVersion = 15.0.1;
					};
					0C7FC0552BDDA6C4003734BD = {
						CreatedOnToolsVersion = 15.0.1;
						TestTargetID = 0C7FC0452BDDA6C1003734BD;
					};
					0C7FC05F2BDDA6C4003734BD = {
						CreatedOnToolsVersion = 15.0.1;
						TestTargetID = 0C7FC0452BDDA6C1003734BD;
					};
				};
			};
			buildConfigurationList = 0C7FC0412BDDA6C1003734BD /* Build configuration list for PBXProject "CafeTool" */;
			compatibilityVersion = "Xcode 14.0";
			developmentRegion = en;
			hasScannedForEncodings = 0;
			knownRegions = (
				en,
				Base,
			);
			mainGroup = 0C7FC03D2BDDA6C1003734BD;
			productRefGroup = 0C7FC0472BDDA6C1003734BD /* Products */;
			projectDirPath = "";
			projectRoot = "";
			targets = (
				0C7FC0452BDDA6C1003734BD /* CafeTool */,
				0C7FC0552BDDA6C4003734BD /* CafeToolTests */,
				0C7FC05F2BDDA6C4003734BD /* CafeToolUITests */,
			);
		};
/* End PBXProject section */

/* Begin PBXResourcesBuildPhase section */
		0C7FC0442BDDA6C1003734BD /* Resources */ = {
			isa = PBXResourcesBuildPhase;
			buildActionMask = 2147483647;
			files = (
				0C7FC0512BDDA6C4003734BD /* Preview Assets.xcassets in Resources */,
				0C7FC04E2BDDA6C4003734BD /* Assets.xcassets in Resources */,
			);
			runOnlyForDeploymentPostprocessing = 0;
		};
		0C7FC0542BDDA6C4003734BD /* Resources */ = {
			isa = PBXResourcesBuildPhase;
			buildActionMask = 2147483647;
			files = (
			);
			runOnlyForDeploymentPostprocessing = 0;
		};
		0C7FC05E2BDDA6C4003734BD /* Resources */ = {
			isa = PBXResourcesBuildPhase;
			buildActionMask = 2147483647;
			files = (
			);
			runOnlyForDeploymentPostprocessing = 0;
		};
/* End PBXResourcesBuildPhase section */

/* Begin PBXSourcesBuildPhase section */
		0C7FC0422BDDA6C1003734BD /* Sources */ = {
			isa = PBXSourcesBuildPhase;
			buildActionMask = 2147483647;
			files = (
				0C7FC04C2BDDA6C1003734BD /* ContentView.swift in Sources */,
				0C7FC04A2BDDA6C1003734BD /* CafeToolApp.swift in Sources */,
			);
			runOnlyForDeploymentPostprocessing = 0;
		};
		0C7FC0522BDDA6C4003734BD /* Sources */ = {
			isa = PBXSourcesBuildPhase;
			buildActionMask = 2147483647;
			files = (
				0C7FC05B2BDDA6C4003734BD /* CafeToolTests.swift in Sources */,
			);
			runOnlyForDeploymentPostprocessing = 0;
		};
		0C7FC05C2BDDA6C4003734BD /* Sources */ = {
			isa = PBXSourcesBuildPhase;
			buildActionMask = 2147483647;
			files = (
				0C7FC0672BDDA6C4003734BD /* CafeToolUITestsLaunchTests.swift in Sources */,
				0C7FC0652BDDA6C4003734BD /* CafeToolUITests.swift in Sources */,
			);
			runOnlyForDeploymentPostprocessing = 0;
		};
/* End PBXSourcesBuildPhase section */

/* Begin PBXTargetDependency section */
		0C7FC0582BDDA6C4003734BD /* PBXTargetDependency */ = {
			isa = PBXTargetDependency;
			target = 0C7FC0452BDDA6C1003734BD /* CafeTool */;
			targetProxy = 0C7FC0572BDDA6C4003734BD /* PBXContainerItemProxy */;
		};
		0C7FC0622BDDA6C4003734BD /* PBXTargetDependency */ = {
			isa = PBXTargetDependency;
			target = 0C7FC0452BDDA6C1003734BD /* CafeTool */;
			targetProxy = 0C7FC0612BDDA6C4003734BD /* PBXContainerItemProxy */;
		};
/* End PBXTargetDependency section */

/* Begin XCBuildConfiguration section */
		0C7FC0682BDDA6C4003734BD /* Debug */ = {
			isa = XCBuildConfiguration;
			buildSettings = {
				ALWAYS_SEARCH_USER_PATHS = NO;
				ASSETCATALOG_COMPILER_GENERATE_SWIFT_ASSET_SYMBOL_EXTENSIONS = YES;
				CLANG_ANALYZER_NONNULL = YES;
				CLANG_ANALYZER_NUMBER_OBJECT_CONVERSION = YES_AGGRESSIVE;
				CLANG_CXX_LANGUAGE_STANDARD = "gnu++20";
				CLANG_ENABLE_MODULES = YES;
				CLANG_ENABLE_OBJC_ARC = YES;
				CLANG_ENABLE_OBJC_WEAK = YES;
				CLANG_WARN_BLOCK_CAPTURE_AUTORELEASING = YES;
				CLANG_WARN_BOOL_CONVERSION = YES;
				CLANG_WARN_COMMA = YES;
				CLANG_WARN_CONSTANT_CONVERSION = YES;
				CLANG_WARN_DEPRECATED_OBJC_IMPLEMENTATIONS = YES;
				CLANG_WARN_DIRECT_OBJC_ISA_USAGE = YES_ERROR;
				CLANG_WARN_DOCUMENTATION_COMMENTS = YES;
				CLANG_WARN_EMPTY_BODY = YES;
				CLANG_WARN_ENUM_CONVERSION = YES;
				CLANG_WARN_INFINITE_RECURSION = YES;
				CLANG_WARN_INT_CONVERSION = YES;
				CLANG_WARN_NON_LITERAL_NULL_CONVERSION = YES;
				CLANG_WARN_OBJC_IMPLICIT_RETAIN_SELF = YES;
				CLANG_WARN_OBJC_LITERAL_CONVERSION = YES;
				CLANG_WARN_OBJC_ROOT_CLASS = YES_ERROR;
				CLANG_WARN_QUOTED_INCLUDE_IN_FRAMEWORK_HEADER = YES;
				CLANG_WARN_RANGE_LOOP_ANALYSIS = YES;
				CLANG_WARN_STRICT_PROTOTYPES = YES;
				CLANG_WARN_SUSPICIOUS_MOVE = YES;
				CLANG_WARN_UNGUARDED_AVAILABILITY = YES_AGGRESSIVE;
				CLANG_WARN_UNREACHABLE_CODE = YES;
				CLANG_WARN__DUPLICATE_METHOD_MATCH = YES;
				COPY_PHASE_STRIP = NO;
				DEBUG_INFORMATION_FORMAT = dwarf;
				ENABLE_STRICT_OBJC_MSGSEND = YES;
				ENABLE_TESTABILITY = YES;
				ENABLE_USER_SCRIPT_SANDBOXING = YES;
				GCC_C_LANGUAGE_STANDARD = gnu17;
				GCC_DYNAMIC_NO_PIC = NO;
				GCC_NO_COMMON_BLOCKS = YES;
				GCC_OPTIMIZATION_LEVEL = 0;
				GCC_PREPROCESSOR_DEFINITIONS = (
					"DEBUG=1",
					"$(inherited)",
				);
				GCC_WARN_64_TO_32_BIT_CONVERSION = YES;
				GCC_WARN_ABOUT_RETURN_TYPE = YES_ERROR;
				GCC_WARN_UNDECLARED_SELECTOR = YES;
				GCC_WARN_UNINITIALIZED_AUTOS = YES_AGGRESSIVE;
				GCC_WARN_UNUSED_FUNCTION = YES;
				GCC_WARN_UNUSED_VARIABLE = YES;
				IPHONEOS_DEPLOYMENT_TARGET = 17.0;
				LOCALIZATION_PREFERS_STRING_CATALOGS = YES;
				MTL_ENABLE_DEBUG_INFO = INCLUDE_SOURCE;
				MTL_FAST_MATH = YES;
				ONLY_ACTIVE_ARCH = YES;
				SDKROOT = iphoneos;
				SWIFT_ACTIVE_COMPILATION_CONDITIONS = "DEBUG $(inherited)";
				SWIFT_OPTIMIZATION_LEVEL = "-Onone";
			};
			name = Debug;
		};
		0C7FC0692BDDA6C4003734BD /* Release */ = {
			isa = XCBuildConfiguration;
			buildSettings = {
				ALWAYS_SEARCH_USER_PATHS = NO;
				ASSETCATALOG_COMPILER_GENERATE_SWIFT_ASSET_SYMBOL_EXTENSIONS = YES;
				CLANG_ANALYZER_NONNULL = YES;
				CLANG_ANALYZER_NUMBER_OBJECT_CONVERSION = YES_AGGRESSIVE;
				CLANG_CXX_LANGUAGE_STANDARD = "gnu++20";
				CLANG_ENABLE_MODULES = YES;
				CLANG_ENABLE_OBJC_ARC = YES;
				CLANG_ENABLE_OBJC_WEAK = YES;
				CLANG_WARN_BLOCK_CAPTURE_AUTORELEASING = YES;
				CLANG_WARN_BOOL_CONVERSION = YES;
				CLANG_WARN_COMMA = YES;
				CLANG_WARN_CONSTANT_CONVERSION = YES;
				CLANG_WARN_DEPRECATED_OBJC_IMPLEMENTATIONS = YES;
				CLANG_WARN_DIRECT_OBJC_ISA_USAGE = YES_ERROR;
				CLANG_WARN_DOCUMENTATION_COMMENTS = YES;
				CLANG_WARN_EMPTY_BODY = YES;
				CLANG_WARN_ENUM_CONVERSION = YES;
				CLANG_WARN_INFINITE_RECURSION = YES;
				CLANG_WARN_INT_CONVERSION = YES;
				CLANG_WARN_NON_LITERAL_NULL_CONVERSION = YES;
				CLANG_WARN_OBJC_IMPLICIT_RETAIN_SELF = YES;
				CLANG_WARN_OBJC_LITERAL_CONVERSION = YES;
				CLANG_WARN_OBJC_ROOT_CLASS = YES_ERROR;
				CLANG_WARN_QUOTED_INCLUDE_IN_FRAMEWORK_HEADER = YES;
				CLANG_WARN_RANGE_LOOP_ANALYSIS = YES;
				CLANG_WARN_STRICT_PROTOTYPES = YES;
				CLANG_WARN_SUSPICIOUS_MOVE = YES;
				CLANG_WARN_UNGUARDED_AVAILABILITY = YES_AGGRESSIVE;
				CLANG_WARN_UNREACHABLE_CODE = YES;
				CLANG_WARN__DUPLICATE_METHOD_MATCH = YES;
				COPY_PHASE_STRIP = NO;
				DEBUG_INFORMATION_FORMAT = "dwarf-with-dsym";
				ENABLE_NS_ASSERTIONS = NO;
				ENABLE_STRICT_OBJC_MSGSEND = YES;
				ENABLE_USER_SCRIPT_SANDBOXING = YES;
				GCC_C_LANGUAGE_STANDARD = gnu17;
				GCC_NO_COMMON_BLOCKS = YES;
				GCC_WARN_64_TO_32_BIT_CONVERSION = YES;
				GCC_WARN_ABOUT_RETURN_TYPE = YES_ERROR;
				GCC_WARN_UNDECLARED_SELECTOR = YES;
				GCC_WARN_UNINITIALIZED_AUTOS = YES_AGGRESSIVE;
				GCC_WARN_UNUSED_FUNCTION = YES;
				GCC_WARN_UNUSED_VARIABLE = YES;
				IPHONEOS_DEPLOYMENT_TARGET = 17.0;
				LOCALIZATION_PREFERS_STRING_CATALOGS = YES;
				MTL_ENABLE_DEBUG_INFO = NO;
				MTL_FAST_MATH = YES;
				SDKROOT = iphoneos;
				SWIFT_COMPILATION_MODE = wholemodule;
				VALIDATE_PRODUCT = YES;
			};
			name = Release;
		};
		0C7FC06B2BDDA6C4003734BD /* Debug */ = {
			isa = XCBuildConfiguration;
			buildSettings = {
				ASSETCATALOG_COMPILER_APPICON_NAME = AppIcon;
				ASSETCATALOG_COMPILER_GLOBAL_ACCENT_COLOR_NAME = AccentColor;
				CODE_SIGN_STYLE = Automatic;
				CURRENT_PROJECT_VERSION = 1;
				DEVELOPMENT_ASSET_PATHS = "\"CafeTool/Preview Content\"";
				DEVELOPMENT_TEAM = L5C36X97NN;
				ENABLE_PREVIEWS = YES;
				GENERATE_INFOPLIST_FILE = YES;
				INFOPLIST_KEY_UIApplicationSceneManifest_Generation = YES;
				INFOPLIST_KEY_UIApplicationSupportsIndirectInputEvents = YES;
				INFOPLIST_KEY_UILaunchScreen_Generation = YES;
				INFOPLIST_KEY_UISupportedInterfaceOrientations_iPad = "UIInterfaceOrientationPortrait UIInterfaceOrientationPortraitUpsideDown UIInterfaceOrientationLandscapeLeft UIInterfaceOrientationLandscapeRight";
				INFOPLIST_KEY_UISupportedInterfaceOrientations_iPhone = "UIInterfaceOrientationPortrait UIInterfaceOrientationLandscapeLeft UIInterfaceOrientationLandscapeRight";
				LD_RUNPATH_SEARCH_PATHS = (
					"$(inherited)",
					"@executable_path/Frameworks",
				);
				MARKETING_VERSION = 1.0;
				PRODUCT_BUNDLE_IDENTIFIER = com.kumadev.CafeTool;
				PRODUCT_NAME = "$(TARGET_NAME)";
				SWIFT_EMIT_LOC_STRINGS = YES;
				SWIFT_VERSION = 5.0;
				TARGETED_DEVICE_FAMILY = "1,2";
			};
			name = Debug;
		};
		0C7FC06C2BDDA6C4003734BD /* Release */ = {
			isa = XCBuildConfiguration;
			buildSettings = {
				ASSETCATALOG_COMPILER_APPICON_NAME = AppIcon;
				ASSETCATALOG_COMPILER_GLOBAL_ACCENT_COLOR_NAME = AccentColor;
				CODE_SIGN_STYLE = Automatic;
				CURRENT_PROJECT_VERSION = 1;
				DEVELOPMENT_ASSET_PATHS = "\"CafeTool/Preview Content\"";
				DEVELOPMENT_TEAM = L5C36X97NN;
				ENABLE_PREVIEWS = YES;
				GENERATE_INFOPLIST_FILE = YES;
				INFOPLIST_KEY_UIApplicationSceneManifest_Generation = YES;
				INFOPLIST_KEY_UIApplicationSupportsIndirectInputEvents = YES;
				INFOPLIST_KEY_UILaunchScreen_Generation = YES;
				INFOPLIST_KEY_UISupportedInterfaceOrientations_iPad = "UIInterfaceOrientationPortrait UIInterfaceOrientationPortraitUpsideDown UIInterfaceOrientationLandscapeLeft UIInterfaceOrientationLandscapeRight";
				INFOPLIST_KEY_UISupportedInterfaceOrientations_iPhone = "UIInterfaceOrientationPortrait UIInterfaceOrientationLandscapeLeft UIInterfaceOrientationLandscapeRight";
				LD_RUNPATH_SEARCH_PATHS = (
					"$(inherited)",
					"@executable_path/Frameworks",
				);
				MARKETING_VERSION = 1.0;
				PRODUCT_BUNDLE_IDENTIFIER = com.kumadev.CafeTool;
				PRODUCT_NAME = "$(TARGET_NAME)";
				SWIFT_EMIT_LOC_STRINGS = YES;
				SWIFT_VERSION = 5.0;
				TARGETED_DEVICE_FAMILY = "1,2";
			};
			name = Release;
		};
		0C7FC06E2BDDA6C4003734BD /* Debug */ = {
			isa = XCBuildConfiguration;
			buildSettings = {
				ALWAYS_EMBED_SWIFT_STANDARD_LIBRARIES = YES;
				BUNDLE_LOADER = "$(TEST_HOST)";
				CODE_SIGN_STYLE = Automatic;
				CURRENT_PROJECT_VERSION = 1;
				DEVELOPMENT_TEAM = L5C36X97NN;
				GENERATE_INFOPLIST_FILE = YES;
				IPHONEOS_DEPLOYMENT_TARGET = 17.0;
				MARKETING_VERSION = 1.0;
				PRODUCT_BUNDLE_IDENTIFIER = com.kumadev.CafeToolTests;
				PRODUCT_NAME = "$(TARGET_NAME)";
				SWIFT_EMIT_LOC_STRINGS = NO;
				SWIFT_VERSION = 5.0;
				TARGETED_DEVICE_FAMILY = "1,2";
				TEST_HOST = "$(BUILT_PRODUCTS_DIR)/CafeTool.app/$(BUNDLE_EXECUTABLE_FOLDER_PATH)/CafeTool";
			};
			name = Debug;
		};
		0C7FC06F2BDDA6C4003734BD /* Release */ = {
			isa = XCBuildConfiguration;
			buildSettings = {
				ALWAYS_EMBED_SWIFT_STANDARD_LIBRARIES = YES;
				BUNDLE_LOADER = "$(TEST_HOST)";
				CODE_SIGN_STYLE = Automatic;
				CURRENT_PROJECT_VERSION = 1;
				DEVELOPMENT_TEAM = L5C36X97NN;
				GENERATE_INFOPLIST_FILE = YES;
				IPHONEOS_DEPLOYMENT_TARGET = 17.0;
				MARKETING_VERSION = 1.0;
				PRODUCT_BUNDLE_IDENTIFIER = com.kumadev.CafeToolTests;
				PRODUCT_NAME = "$(TARGET_NAME)";
				SWIFT_EMIT_LOC_STRINGS = NO;
				SWIFT_VERSION = 5.0;
				TARGETED_DEVICE_FAMILY = "1,2";
				TEST_HOST = "$(BUILT_PRODUCTS_DIR)/CafeTool.app/$(BUNDLE_EXECUTABLE_FOLDER_PATH)/CafeTool";
			};
			name = Release;
		};
		0C7FC0712BDDA6C4003734BD /* Debug */ = {
			isa = XCBuildConfiguration;
			buildSettings = {
				ALWAYS_EMBED_SWIFT_STANDARD_LIBRARIES = YES;
				CODE_SIGN_STYLE = Automatic;
				CURRENT_PROJECT_VERSION = 1;
				DEVELOPMENT_TEAM = L5C36X97NN;
				GENERATE_INFOPLIST_FILE = YES;
				MARKETING_VERSION = 1.0;
				PRODUCT_BUNDLE_IDENTIFIER = com.kumadev.CafeToolUITests;
				PRODUCT_NAME = "$(TARGET_NAME)";
				SWIFT_EMIT_LOC_STRINGS = NO;
				SWIFT_VERSION = 5.0;
				TARGETED_DEVICE_FAMILY = "1,2";
				TEST_TARGET_NAME = CafeTool;
			};
			name = Debug;
		};
		0C7FC0722BDDA6C4003734BD /* Release */ = {
			isa = XCBuildConfiguration;
			buildSettings = {
				ALWAYS_EMBED_SWIFT_STANDARD_LIBRARIES = YES;
				CODE_SIGN_STYLE = Automatic;
				CURRENT_PROJECT_VERSION = 1;
				DEVELOPMENT_TEAM = L5C36X97NN;
				GENERATE_INFOPLIST_FILE = YES;
				MARKETING_VERSION = 1.0;
				PRODUCT_BUNDLE_IDENTIFIER = com.kumadev.CafeToolUITests;
				PRODUCT_NAME = "$(TARGET_NAME)";
				SWIFT_EMIT_LOC_STRINGS = NO;
				SWIFT_VERSION = 5.0;
				TARGETED_DEVICE_FAMILY = "1,2";
				TEST_TARGET_NAME = CafeTool;
			};
			name = Release;
		};
/* End XCBuildConfiguration section */

/* Begin XCConfigurationList section */
		0C7FC0412BDDA6C1003734BD /* Build configuration list for PBXProject "CafeTool" */ = {
			isa = XCConfigurationList;
			buildConfigurations = (
				0C7FC0682BDDA6C4003734BD /* Debug */,
				0C7FC0692BDDA6C4003734BD /* Release */,
			);
			defaultConfigurationIsVisible = 0;
			defaultConfigurationName = Release;
		};
		0C7FC06A2BDDA6C4003734BD /* Build configuration list for PBXNativeTarget "CafeTool" */ = {
			isa = XCConfigurationList;
			buildConfigurations = (
				0C7FC06B2BDDA6C4003734BD /* Debug */,
				0C7FC06C2BDDA6C4003734BD /* Release */,
			);
			defaultConfigurationIsVisible = 0;
			defaultConfigurationName = Release;
		};
		0C7FC06D2BDDA6C4003734BD /* Build configuration list for PBXNativeTarget "CafeToolTests" */ = {
			isa = XCConfigurationList;
			buildConfigurations = (
				0C7FC06E2BDDA6C4003734BD /* Debug */,
				0C7FC06F2BDDA6C4003734BD /* Release */,
			);
			defaultConfigurationIsVisible = 0;
			defaultConfigurationName = Release;
		};
		0C7FC0702BDDA6C4003734BD /* Build configuration list for PBXNativeTarget "CafeToolUITests" */ = {
			isa = XCConfigurationList;
			buildConfigurations = (
				0C7FC0712BDDA6C4003734BD /* Debug */,
				0C7FC0722BDDA6C4003734BD /* Release */,
			);
			defaultConfigurationIsVisible = 0;
			defaultConfigurationName = Release;
		};
/* End XCConfigurationList section */
	};
	rootObject = 0C7FC03E2BDDA6C1003734BD /* Project object */;
}
